
Microsoft Visual Studio Solution File, Format Version 12.00
# Visual Studio Version 16
VisualStudioVersion = 16.0.31702.278
MinimumVisualStudioVersion = 10.0.40219.1
Project("{FAE04EC0-301F-11D3-BF4B-00C04F79EFBC}") = "Portfolio_Task_2_Exercise_6", "Portfolio_Task_2_Exercise_6\Portfolio_Task_2_Exercise_6.csproj", "{F4FABA51-4478-4643-9159-BFC2782494FE}"
EndProject
Global
	GlobalSection(SolutionConfigurationPlatforms) = preSolution
		Debug|Any CPU = Debug|Any CPU
		Release|Any CPU = Release|Any CPU
	EndGlobalSection
	GlobalSection(ProjectConfigurationPlatforms) = postSolution
		{F4FABA51-4478-4643-9159-BFC2782494FE}.Debug|Any CPU.ActiveCfg = Debug|Any CPU
		{F4FABA51-4478-4643-9159-BFC2782494FE}.Debug|Any CPU.Build.0 = Debug|Any CPU
		{F4FABA51-4478-4643-9159-BFC2782494FE}.Release|Any CPU.ActiveCfg = Release|Any CPU
		{F4FABA51-4478-4643-9159-BFC2782494FE}.Release|Any CPU.Build.0 = Release|Any CPU
	EndGlobalSection
	GlobalSection(SolutionProperties) = preSolution
		HideSolutionNode = FALSE
	EndGlobalSection
	GlobalSection(ExtensibilityGlobals) = postSolution
		SolutionGuid = {04EC4936-6570-431F-801F-A533504E8255}
	EndGlobalSection
EndGlobal
